{
  "name": "animejs",
  "version": "3.0.1",
  "lockfileVersion": 1,
  "requires": true,
  "dependencies": {
    "@types/animejs": {
      "version": "2.0.2",
      "resolved": "https://registry.npmjs.org/@types/animejs/-/animejs-2.0.2.tgz",
      "integrity": "sha512-ACymFQ5qgSrZNR1Fqjk7Wv9gH6dFgejn2gpLkkceWxTKzivRJsshX4xhBVALgvF79gUdXiMCRIdusN728XpeGA==",
      "dev": true
    }
  }
}
